// !$*UTF8*$!
{
	archiveVersion = 1;
	classes = {
	};
	objectVersion = 46;
	objects = {

/* Begin PBXBuildFile section */
		DFA91D0D1EE250F9008B1246 /* PatternSample.swift in Sources */ = {isa = PBXBuildFile; fileRef = DFA91D0C1EE250F9008B1246 /* PatternSample.swift */; };
		F979A1311ED540F7003E5BE0 /* AppDelegate.swift in Sources */ = {isa = PBXBuildFile; fileRef = F979A1301ED540F7003E5BE0 /* AppDelegate.swift */; };
		F979A1331ED540F7003E5BE0 /* ViewController.swift in Sources */ = {isa = PBXBuildFile; fileRef = F979A1321ED540F7003E5BE0 /* ViewController.swift */; };
		F979A1361ED540F7003E5BE0 /* Main.storyboard in Resources */ = {isa = PBXBuildFile; fileRef = F979A1341ED540F7003E5BE0 /* Main.storyboard */; };
		F979A1381ED540F8003E5BE0 /* Assets.xcassets in Resources */ = {isa = PBXBuildFile; fileRef = F979A1371ED540F8003E5BE0 /* Assets.xcassets */; };
		F979A13B1ED540F8003E5BE0 /* LaunchScreen.storyboard in Resources */ = {isa = PBXBuildFile; fileRef = F979A1391ED540F8003E5BE0 /* LaunchScreen.storyboard */; };
		F979A15C1ED545E6003E5BE0 /* StructSample.swift in Sources */ = {isa = PBXBuildFile; fileRef = F979A15B1ED545E6003E5BE0 /* StructSample.swift */; };
		F9C408551EDCE9F50040C83D /* EventSample.swift in Sources */ = {isa = PBXBuildFile; fileRef = F9C408541EDCE9F40040C83D /* EventSample.swift */; };
		F9D6DD871ED5881900767BA9 /* MyCalendar.swift in Sources */ = {isa = PBXBuildFile; fileRef = F9D6DD861ED5881900767BA9 /* MyCalendar.swift */; };
		F9E895851EEE022100769612 /* SwiftSampleTests.swift in Sources */ = {isa = PBXBuildFile; fileRef = F9E895841EEE022100769612 /* SwiftSampleTests.swift */; };
		F9E895921EEE1AD100769612 /* TestTargetViewController.swift in Sources */ = {isa = PBXBuildFile; fileRef = F9E895911EEE1AD100769612 /* TestTargetViewController.swift */; };
		F9EE1BA31EF73DF7002DE95B /* DataSample.swift in Sources */ = {isa = PBXBuildFile; fileRef = F9EE1BA21EF73DF7002DE95B /* DataSample.swift */; };
		F9EE1BA51EF74192002DE95B /* ErrorSample.swift in Sources */ = {isa = PBXBuildFile; fileRef = F9EE1BA41EF74192002DE95B /* ErrorSample.swift */; };
		F9EE1C0B1EF90C8A002DE95B /* ClosureSample.swift in Sources */ = {isa = PBXBuildFile; fileRef = F9EE1C0A1EF90C89002DE95B /* ClosureSample.swift */; };
		F9EE1C101EFA10A9002DE95B /* ClassSample.swift in Sources */ = {isa = PBXBuildFile; fileRef = F9EE1C0F1EFA10A7002DE95B /* ClassSample.swift */; };
/* End PBXBuildFile section */

/* Begin PBXContainerItemProxy section */
		F9E895871EEE022100769612 /* PBXContainerItemProxy */ = {
			isa = PBXContainerItemProxy;
			containerPortal = F979A1251ED540F5003E5BE0 /* Project object */;
			proxyType = 1;
			remoteGlobalIDString = F979A12C1ED540F6003E5BE0;
			remoteInfo = SwiftSample;
		};
/* End PBXContainerItemProxy section */

/* Begin PBXFileReference section */
		DFA91D0C1EE250F9008B1246 /* PatternSample.swift */ = {isa = PBXFileReference; fileEncoding = 4; lastKnownFileType = sourcecode.swift; path = PatternSample.swift; sourceTree = "<group>"; };
		F979A12D1ED540F7003E5BE0 /* SwiftSample.app */ = {isa = PBXFileReference; explicitFileType = wrapper.application; includeInIndex = 0; path = SwiftSample.app; sourceTree = BUILT_PRODUCTS_DIR; };
		F979A1301ED540F7003E5BE0 /* AppDelegate.swift */ = {isa = PBXFileReference; lastKnownFileType = sourcecode.swift; path = AppDelegate.swift; sourceTree = "<group>"; };
		F979A1321ED540F7003E5BE0 /* ViewController.swift */ = {isa = PBXFileReference; lastKnownFileType = sourcecode.swift; path = ViewController.swift; sourceTree = "<group>"; };
		F979A1351ED540F7003E5BE0 /* Base */ = {isa = PBXFileReference; lastKnownFileType = file.storyboard; name = Base; path = Base.lproj/Main.storyboard; sourceTree = "<group>"; };
		F979A1371ED540F8003E5BE0 /* Assets.xcassets */ = {isa = PBXFileReference; lastKnownFileType = folder.assetcatalog; path = Assets.xcassets; sourceTree = "<group>"; };
		F979A13A1ED540F8003E5BE0 /* Base */ = {isa = PBXFileReference; lastKnownFileType = file.storyboard; name = Base; path = Base.lproj/LaunchScreen.storyboard; sourceTree = "<group>"; };
		F979A13C1ED540F8003E5BE0 /* Info.plist */ = {isa = PBXFileReference; lastKnownFileType = text.plist.xml; path = Info.plist; sourceTree = "<group>"; };
		F979A15B1ED545E6003E5BE0 /* StructSample.swift */ = {isa = PBXFileReference; fileEncoding = 4; lastKnownFileType = sourcecode.swift; path = StructSample.swift; sourceTree = "<group>"; };
		F9C408541EDCE9F40040C83D /* EventSample.swift */ = {isa = PBXFileReference; fileEncoding = 4; lastKnownFileType = sourcecode.swift; path = EventSample.swift; sourceTree = "<group>"; };
		F9D6DD861ED5881900767BA9 /* MyCalendar.swift */ = {isa = PBXFileReference; fileEncoding = 4; lastKnownFileType = sourcecode.swift; path = MyCalendar.swift; sourceTree = "<group>"; };
		F9E895401EEE001E00769612 /* XCTest.framework */ = {isa = PBXFileReference; lastKnownFileType = wrapper.framework; name = XCTest.framework; path = Platforms/iPhoneOS.platform/Developer/Library/Frameworks/XCTest.framework; sourceTree = DEVELOPER_DIR; };
		F9E895821EEE022100769612 /* SwiftSampleTests.xctest */ = {isa = PBXFileReference; explicitFileType = wrapper.cfbundle; includeInIndex = 0; path = SwiftSampleTests.xctest; sourceTree = BUILT_PRODUCTS_DIR; };
		F9E895841EEE022100769612 /* SwiftSampleTests.swift */ = {isa = PBXFileReference; lastKnownFileType = sourcecode.swift; path = SwiftSampleTests.swift; sourceTree = "<group>"; };
		F9E895861EEE022100769612 /* Info.plist */ = {isa = PBXFileReference; lastKnownFileType = text.plist.xml; path = Info.plist; sourceTree = "<group>"; };
		F9E895911EEE1AD100769612 /* TestTargetViewController.swift */ = {isa = PBXFileReference; fileEncoding = 4; lastKnownFileType = sourcecode.swift; path = TestTargetViewController.swift; sourceTree = "<group>"; };
		F9EE1BA21EF73DF7002DE95B /* DataSample.swift */ = {isa = PBXFileReference; fileEncoding = 4; lastKnownFileType = sourcecode.swift; path = DataSample.swift; sourceTree = "<group>"; };
		F9EE1BA41EF74192002DE95B /* ErrorSample.swift */ = {isa = PBXFileReference; fileEncoding = 4; lastKnownFileType = sourcecode.swift; path = ErrorSample.swift; sourceTree = "<group>"; };
		F9EE1C0A1EF90C89002DE95B /* ClosureSample.swift */ = {isa = PBXFileReference; fileEncoding = 4; lastKnownFileType = sourcecode.swift; path = ClosureSample.swift; sourceTree = "<group>"; };
		F9EE1C0F1EFA10A7002DE95B /* ClassSample.swift */ = {isa = PBXFileReference; fileEncoding = 4; lastKnownFileType = sourcecode.swift; path = ClassSample.swift; sourceTree = "<group>"; };
/* End PBXFileReference section */

/* Begin PBXFrameworksBuildPhase section */
		F979A12A1ED540F6003E5BE0 /* Frameworks */ = {
			isa = PBXFrameworksBuildPhase;
			buildActionMask = 2147483647;
			files = (
			);
			runOnlyForDeploymentPostprocessing = 0;
		};
		F9E8957F1EEE022100769612 /* Frameworks */ = {
			isa = PBXFrameworksBuildPhase;
			buildActionMask = 2147483647;
			files = (
			);
			runOnlyForDeploymentPostprocessing = 0;
		};
/* End PBXFrameworksBuildPhase section */

/* Begin PBXGroup section */
		F979A1241ED540F5003E5BE0 = {
			isa = PBXGroup;
			children = (
				F979A12F1ED540F7003E5BE0 /* SwiftSample */,
				F9E895831EEE022100769612 /* SwiftSampleTests */,
				F979A12E1ED540F7003E5BE0 /* Products */,
				F9E8953F1EEE001E00769612 /* Frameworks */,
			);
			sourceTree = "<group>";
		};
		F979A12E1ED540F7003E5BE0 /* Products */ = {
			isa = PBXGroup;
			children = (
				F979A12D1ED540F7003E5BE0 /* SwiftSample.app */,
				F9E895821EEE022100769612 /* SwiftSampleTests.xctest */,
			);
			name = Products;
			sourceTree = "<group>";
		};
		F979A12F1ED540F7003E5BE0 /* SwiftSample */ = {
			isa = PBXGroup;
			children = (
				F9E8958E1EEE189000769612 /* XCTest */,
				F979A1461ED54218003E5BE0 /* MyAPI */,
				F979A1431ED5416A003E5BE0 /* app */,
				F979A1421ED5414B003E5BE0 /* Grammar */,
				F979A1301ED540F7003E5BE0 /* AppDelegate.swift */,
				F979A1321ED540F7003E5BE0 /* ViewController.swift */,
				F979A1341ED540F7003E5BE0 /* Main.storyboard */,
				F979A1371ED540F8003E5BE0 /* Assets.xcassets */,
				F979A1391ED540F8003E5BE0 /* LaunchScreen.storyboard */,
				F979A13C1ED540F8003E5BE0 /* Info.plist */,
			);
			path = SwiftSample;
			sourceTree = "<group>";
		};
		F979A1421ED5414B003E5BE0 /* Grammar */ = {
			isa = PBXGroup;
			children = (
				F9C408531EDCE9DC0040C83D /* 16_Event */,
				F979A1551ED54466003E5BE0 /* 15_Debug */,
				F979A1541ED54444003E5BE0 /* 14_Generics */,
				F979A1531ED5442E003E5BE0 /* 13_Closure */,
				F979A1521ED54422003E5BE0 /* 12_Error */,
				F979A1511ED54412003E5BE0 /* 11_Extension */,
				F979A1501ED54405003E5BE0 /* 10_Protocol */,
				F979A14F1ED543F6003E5BE0 /* 09_Memory */,
				F979A14E1ED543E9003E5BE0 /* 08_Class */,
				F979A14D1ED543D2003E5BE0 /* 07_Operator */,
				F979A14C1ED543A3003E5BE0 /* 06_Pattern */,
				F979A14B1ED54385003E5BE0 /* 05_Data */,
				F979A14A1ED54379003E5BE0 /* 04_Optional */,
				F979A1491ED5435D003E5BE0 /* 03_Struct */,
				F979A1481ED5434C003E5BE0 /* 02_Function */,
				F979A1471ED5433F003E5BE0 /* 01_Basic */,
			);
			name = Grammar;
			sourceTree = "<group>";
		};
		F979A1431ED5416A003E5BE0 /* app */ = {
			isa = PBXGroup;
			children = (
				F979A15A1ED54545003E5BE0 /* Calendar */,
				F979A1591ED544E5003E5BE0 /* Quiz */,
				F979A1581ED544DA003E5BE0 /* Search */,
				F979A1571ED544C6003E5BE0 /* Dialog */,
				F979A1561ED544B8003E5BE0 /* ToDo */,
			);
			name = app;
			sourceTree = "<group>";
		};
		F979A1461ED54218003E5BE0 /* MyAPI */ = {
			isa = PBXGroup;
			children = (
				F9D6DD861ED5881900767BA9 /* MyCalendar.swift */,
			);
			name = MyAPI;
			sourceTree = "<group>";
		};
		F979A1471ED5433F003E5BE0 /* 01_Basic */ = {
			isa = PBXGroup;
			children = (
			);
			name = 01_Basic;
			sourceTree = "<group>";
		};
		F979A1481ED5434C003E5BE0 /* 02_Function */ = {
			isa = PBXGroup;
			children = (
			);
			name = 02_Function;
			sourceTree = "<group>";
		};
		F979A1491ED5435D003E5BE0 /* 03_Struct */ = {
			isa = PBXGroup;
			children = (
				F979A15B1ED545E6003E5BE0 /* StructSample.swift */,
			);
			name = 03_Struct;
			sourceTree = "<group>";
		};
		F979A14A1ED54379003E5BE0 /* 04_Optional */ = {
			isa = PBXGroup;
			children = (
			);
			name = 04_Optional;
			sourceTree = "<group>";
		};
		F979A14B1ED54385003E5BE0 /* 05_Data */ = {
			isa = PBXGroup;
			children = (
				F9EE1BA21EF73DF7002DE95B /* DataSample.swift */,
			);
			name = 05_Data;
			sourceTree = "<group>";
		};
		F979A14C1ED543A3003E5BE0 /* 06_Pattern */ = {
			isa = PBXGroup;
			children = (
				DFA91D0C1EE250F9008B1246 /* PatternSample.swift */,
			);
			name = 06_Pattern;
			sourceTree = "<group>";
		};
		F979A14D1ED543D2003E5BE0 /* 07_Operator */ = {
			isa = PBXGroup;
			children = (
			);
			name = 07_Operator;
			sourceTree = "<group>";
		};
		F979A14E1ED543E9003E5BE0 /* 08_Class */ = {
			isa = PBXGroup;
			children = (
				F9EE1C0F1EFA10A7002DE95B /* ClassSample.swift */,
			);
			name = 08_Class;
			sourceTree = "<group>";
		};
		F979A14F1ED543F6003E5BE0 /* 09_Memory */ = {
			isa = PBXGroup;
			children = (
			);
			name = 09_Memory;
			sourceTree = "<group>";
		};
		F979A1501ED54405003E5BE0 /* 10_Protocol */ = {
			isa = PBXGroup;
			children = (
			);
			name = 10_Protocol;
			sourceTree = "<group>";
		};
		F979A1511ED54412003E5BE0 /* 11_Extension */ = {
			isa = PBXGroup;
			children = (
			);
			name = 11_Extension;
			sourceTree = "<group>";
		};
		F979A1521ED54422003E5BE0 /* 12_Error */ = {
			isa = PBXGroup;
			children = (
				F9EE1BA41EF74192002DE95B /* ErrorSample.swift */,
			);
			name = 12_Error;
			sourceTree = "<group>";
		};
		F979A1531ED5442E003E5BE0 /* 13_Closure */ = {
			isa = PBXGroup;
			children = (
				F9EE1C0A1EF90C89002DE95B /* ClosureSample.swift */,
			);
			name = 13_Closure;
			sourceTree = "<group>";
		};
		F979A1541ED54444003E5BE0 /* 14_Generics */ = {
			isa = PBXGroup;
			children = (
			);
			name = 14_Generics;
			sourceTree = "<group>";
		};
		F979A1551ED54466003E5BE0 /* 15_Debug */ = {
			isa = PBXGroup;
			children = (
			);
			name = 15_Debug;
			sourceTree = "<group>";
		};
		F979A1561ED544B8003E5BE0 /* ToDo */ = {
			isa = PBXGroup;
			children = (
			);
			name = ToDo;
			sourceTree = "<group>";
		};
		F979A1571ED544C6003E5BE0 /* Dialog */ = {
			isa = PBXGroup;
			children = (
			);
			name = Dialog;
			sourceTree = "<group>";
		};
		F979A1581ED544DA003E5BE0 /* Search */ = {
			isa = PBXGroup;
			children = (
			);
			name = Search;
			sourceTree = "<group>";
		};
		F979A1591ED544E5003E5BE0 /* Quiz */ = {
			isa = PBXGroup;
			children = (
			);
			name = Quiz;
			sourceTree = "<group>";
		};
		F979A15A1ED54545003E5BE0 /* Calendar */ = {
			isa = PBXGroup;
			children = (
			);
			name = Calendar;
			sourceTree = "<group>";
		};
		F9C408531EDCE9DC0040C83D /* 16_Event */ = {
			isa = PBXGroup;
			children = (
				F9C408541EDCE9F40040C83D /* EventSample.swift */,
			);
			name = 16_Event;
			sourceTree = "<group>";
		};
		F9E8953F1EEE001E00769612 /* Frameworks */ = {
			isa = PBXGroup;
			children = (
				F9E895401EEE001E00769612 /* XCTest.framework */,
			);
			name = Frameworks;
			sourceTree = "<group>";
		};
		F9E895831EEE022100769612 /* SwiftSampleTests */ = {
			isa = PBXGroup;
			children = (
				F9E895841EEE022100769612 /* SwiftSampleTests.swift */,
				F9E895861EEE022100769612 /* Info.plist */,
			);
			path = SwiftSampleTests;
			sourceTree = "<group>";
		};
		F9E8958E1EEE189000769612 /* XCTest */ = {
			isa = PBXGroup;
			children = (
				F9E895911EEE1AD100769612 /* TestTargetViewController.swift */,
			);
			name = XCTest;
			sourceTree = "<group>";
		};
/* End PBXGroup section */

/* Begin PBXNativeTarget section */
		F979A12C1ED540F6003E5BE0 /* SwiftSample */ = {
			isa = PBXNativeTarget;
			buildConfigurationList = F979A13F1ED540F8003E5BE0 /* Build configuration list for PBXNativeTarget "SwiftSample" */;
			buildPhases = (
				F979A1291ED540F6003E5BE0 /* Sources */,
				F979A12A1ED540F6003E5BE0 /* Frameworks */,
				F979A12B1ED540F6003E5BE0 /* Resources */,
			);
			buildRules = (
			);
			dependencies = (
			);
			name = SwiftSample;
			productName = SwiftSample;
			productReference = F979A12D1ED540F7003E5BE0 /* SwiftSample.app */;
			productType = "com.apple.product-type.application";
		};
		F9E895811EEE022100769612 /* SwiftSampleTests */ = {
			isa = PBXNativeTarget;
			buildConfigurationList = F9E895891EEE022100769612 /* Build configuration list for PBXNativeTarget "SwiftSampleTests" */;
			buildPhases = (
				F9E8957E1EEE022100769612 /* Sources */,
				F9E8957F1EEE022100769612 /* Frameworks */,
				F9E895801EEE022100769612 /* Resources */,
			);
			buildRules = (
			);
			dependencies = (
				F9E895881EEE022100769612 /* PBXTargetDependency */,
			);
			name = SwiftSampleTests;
			productName = SwiftSampleTests;
			productReference = F9E895821EEE022100769612 /* SwiftSampleTests.xctest */;
			productType = "com.apple.product-type.bundle.unit-test";
		};
/* End PBXNativeTarget section */

/* Begin PBXProject section */
		F979A1251ED540F5003E5BE0 /* Project object */ = {
			isa = PBXProject;
			attributes = {
				LastSwiftUpdateCheck = 0830;
				LastUpgradeCheck = 0820;
				ORGANIZATIONNAME = tkwatanabe;
				TargetAttributes = {
					F979A12C1ED540F6003E5BE0 = {
						CreatedOnToolsVersion = 8.2.1;
						DevelopmentTeam = 38HYQS5SV4;
						ProvisioningStyle = Automatic;
					};
					F9E895811EEE022100769612 = {
						CreatedOnToolsVersion = 8.3.3;
						DevelopmentTeam = 38HYQS5SV4;
						ProvisioningStyle = Automatic;
						TestTargetID = F979A12C1ED540F6003E5BE0;
					};
				};
			};
			buildConfigurationList = F979A1281ED540F6003E5BE0 /* Build configuration list for PBXProject "SwiftSample" */;
			compatibilityVersion = "Xcode 3.2";
			developmentRegion = English;
			hasScannedForEncodings = 0;
			knownRegions = (
				en,
				Base,
			);
			mainGroup = F979A1241ED540F5003E5BE0;
			productRefGroup = F979A12E1ED540F7003E5BE0 /* Products */;
			projectDirPath = "";
			projectRoot = "";
			targets = (
				F979A12C1ED540F6003E5BE0 /* SwiftSample */,
				F9E895811EEE022100769612 /* SwiftSampleTests */,
			);
		};
/* End PBXProject section */

/* Begin PBXResourcesBuildPhase section */
		F979A12B1ED540F6003E5BE0 /* Resources */ = {
			isa = PBXResourcesBuildPhase;
			buildActionMask = 2147483647;
			files = (
				F979A13B1ED540F8003E5BE0 /* LaunchScreen.storyboard in Resources */,
				F979A1381ED540F8003E5BE0 /* Assets.xcassets in Resources */,
				F979A1361ED540F7003E5BE0 /* Main.storyboard in Resources */,
			);
			runOnlyForDeploymentPostprocessing = 0;
		};
		F9E895801EEE022100769612 /* Resources */ = {
			isa = PBXResourcesBuildPhase;
			buildActionMask = 2147483647;
			files = (
			);
			runOnlyForDeploymentPostprocessing = 0;
		};
/* End PBXResourcesBuildPhase section */

/* Begin PBXSourcesBuildPhase section */
		F979A1291ED540F6003E5BE0 /* Sources */ = {
			isa = PBXSourcesBuildPhase;
			buildActionMask = 2147483647;
			files = (
				F9EE1BA51EF74192002DE95B /* ErrorSample.swift in Sources */,
				F9EE1C0B1EF90C8A002DE95B /* ClosureSample.swift in Sources */,
				F9EE1C101EFA10A9002DE95B /* ClassSample.swift in Sources */,
				F979A15C1ED545E6003E5BE0 /* StructSample.swift in Sources */,
				F9D6DD871ED5881900767BA9 /* MyCalendar.swift in Sources */,
<<<<<<< HEAD
				DFA91D0D1EE250F9008B1246 /* PatternSample.swift in Sources */,
=======
				F9C408551EDCE9F50040C83D /* EventSample.swift in Sources */,
				F9EE1BA31EF73DF7002DE95B /* DataSample.swift in Sources */,
				F9E895921EEE1AD100769612 /* TestTargetViewController.swift in Sources */,
>>>>>>> master
				F979A1331ED540F7003E5BE0 /* ViewController.swift in Sources */,
				F979A1311ED540F7003E5BE0 /* AppDelegate.swift in Sources */,
			);
			runOnlyForDeploymentPostprocessing = 0;
		};
		F9E8957E1EEE022100769612 /* Sources */ = {
			isa = PBXSourcesBuildPhase;
			buildActionMask = 2147483647;
			files = (
				F9E895851EEE022100769612 /* SwiftSampleTests.swift in Sources */,
			);
			runOnlyForDeploymentPostprocessing = 0;
		};
/* End PBXSourcesBuildPhase section */

/* Begin PBXTargetDependency section */
		F9E895881EEE022100769612 /* PBXTargetDependency */ = {
			isa = PBXTargetDependency;
			target = F979A12C1ED540F6003E5BE0 /* SwiftSample */;
			targetProxy = F9E895871EEE022100769612 /* PBXContainerItemProxy */;
		};
/* End PBXTargetDependency section */

/* Begin PBXVariantGroup section */
		F979A1341ED540F7003E5BE0 /* Main.storyboard */ = {
			isa = PBXVariantGroup;
			children = (
				F979A1351ED540F7003E5BE0 /* Base */,
			);
			name = Main.storyboard;
			sourceTree = "<group>";
		};
		F979A1391ED540F8003E5BE0 /* LaunchScreen.storyboard */ = {
			isa = PBXVariantGroup;
			children = (
				F979A13A1ED540F8003E5BE0 /* Base */,
			);
			name = LaunchScreen.storyboard;
			sourceTree = "<group>";
		};
/* End PBXVariantGroup section */

/* Begin XCBuildConfiguration section */
		F979A13D1ED540F8003E5BE0 /* Debug */ = {
			isa = XCBuildConfiguration;
			buildSettings = {
				ALWAYS_SEARCH_USER_PATHS = NO;
				CLANG_ANALYZER_NONNULL = YES;
				CLANG_CXX_LANGUAGE_STANDARD = "gnu++0x";
				CLANG_CXX_LIBRARY = "libc++";
				CLANG_ENABLE_MODULES = YES;
				CLANG_ENABLE_OBJC_ARC = YES;
				CLANG_WARN_BOOL_CONVERSION = YES;
				CLANG_WARN_CONSTANT_CONVERSION = YES;
				CLANG_WARN_DIRECT_OBJC_ISA_USAGE = YES_ERROR;
				CLANG_WARN_DOCUMENTATION_COMMENTS = YES;
				CLANG_WARN_EMPTY_BODY = YES;
				CLANG_WARN_ENUM_CONVERSION = YES;
				CLANG_WARN_INFINITE_RECURSION = YES;
				CLANG_WARN_INT_CONVERSION = YES;
				CLANG_WARN_OBJC_ROOT_CLASS = YES_ERROR;
				CLANG_WARN_SUSPICIOUS_MOVE = YES;
				CLANG_WARN_UNREACHABLE_CODE = YES;
				CLANG_WARN__DUPLICATE_METHOD_MATCH = YES;
				"CODE_SIGN_IDENTITY[sdk=iphoneos*]" = "iPhone Developer";
				COPY_PHASE_STRIP = NO;
				DEBUG_INFORMATION_FORMAT = dwarf;
				ENABLE_BITCODE = NO;
				ENABLE_STRICT_OBJC_MSGSEND = YES;
				ENABLE_TESTABILITY = YES;
				GCC_C_LANGUAGE_STANDARD = gnu99;
				GCC_DYNAMIC_NO_PIC = NO;
				GCC_NO_COMMON_BLOCKS = YES;
				GCC_OPTIMIZATION_LEVEL = 0;
				GCC_PREPROCESSOR_DEFINITIONS = (
					"DEBUG=1",
					"$(inherited)",
				);
				GCC_WARN_64_TO_32_BIT_CONVERSION = YES;
				GCC_WARN_ABOUT_RETURN_TYPE = YES_ERROR;
				GCC_WARN_UNDECLARED_SELECTOR = YES;
				GCC_WARN_UNINITIALIZED_AUTOS = YES_AGGRESSIVE;
				GCC_WARN_UNUSED_FUNCTION = YES;
				GCC_WARN_UNUSED_VARIABLE = YES;
				IPHONEOS_DEPLOYMENT_TARGET = 10.2;
				MTL_ENABLE_DEBUG_INFO = YES;
				ONLY_ACTIVE_ARCH = YES;
				SDKROOT = iphoneos;
				SWIFT_ACTIVE_COMPILATION_CONDITIONS = DEBUG;
				SWIFT_OPTIMIZATION_LEVEL = "-Onone";
			};
			name = Debug;
		};
		F979A13E1ED540F8003E5BE0 /* Release */ = {
			isa = XCBuildConfiguration;
			buildSettings = {
				ALWAYS_SEARCH_USER_PATHS = NO;
				CLANG_ANALYZER_NONNULL = YES;
				CLANG_CXX_LANGUAGE_STANDARD = "gnu++0x";
				CLANG_CXX_LIBRARY = "libc++";
				CLANG_ENABLE_MODULES = YES;
				CLANG_ENABLE_OBJC_ARC = YES;
				CLANG_WARN_BOOL_CONVERSION = YES;
				CLANG_WARN_CONSTANT_CONVERSION = YES;
				CLANG_WARN_DIRECT_OBJC_ISA_USAGE = YES_ERROR;
				CLANG_WARN_DOCUMENTATION_COMMENTS = YES;
				CLANG_WARN_EMPTY_BODY = YES;
				CLANG_WARN_ENUM_CONVERSION = YES;
				CLANG_WARN_INFINITE_RECURSION = YES;
				CLANG_WARN_INT_CONVERSION = YES;
				CLANG_WARN_OBJC_ROOT_CLASS = YES_ERROR;
				CLANG_WARN_SUSPICIOUS_MOVE = YES;
				CLANG_WARN_UNREACHABLE_CODE = YES;
				CLANG_WARN__DUPLICATE_METHOD_MATCH = YES;
				"CODE_SIGN_IDENTITY[sdk=iphoneos*]" = "iPhone Developer";
				COPY_PHASE_STRIP = NO;
				DEBUG_INFORMATION_FORMAT = "dwarf-with-dsym";
				ENABLE_BITCODE = NO;
				ENABLE_NS_ASSERTIONS = NO;
				ENABLE_STRICT_OBJC_MSGSEND = YES;
				GCC_C_LANGUAGE_STANDARD = gnu99;
				GCC_NO_COMMON_BLOCKS = YES;
				GCC_WARN_64_TO_32_BIT_CONVERSION = YES;
				GCC_WARN_ABOUT_RETURN_TYPE = YES_ERROR;
				GCC_WARN_UNDECLARED_SELECTOR = YES;
				GCC_WARN_UNINITIALIZED_AUTOS = YES_AGGRESSIVE;
				GCC_WARN_UNUSED_FUNCTION = YES;
				GCC_WARN_UNUSED_VARIABLE = YES;
				IPHONEOS_DEPLOYMENT_TARGET = 10.2;
				MTL_ENABLE_DEBUG_INFO = NO;
				SDKROOT = iphoneos;
				SWIFT_OPTIMIZATION_LEVEL = "-Owholemodule";
				VALIDATE_PRODUCT = YES;
			};
			name = Release;
		};
		F979A1401ED540F8003E5BE0 /* Debug */ = {
			isa = XCBuildConfiguration;
			buildSettings = {
				ASSETCATALOG_COMPILER_APPICON_NAME = AppIcon;
				DEVELOPMENT_TEAM = 38HYQS5SV4;
				INFOPLIST_FILE = SwiftSample/Info.plist;
				LD_RUNPATH_SEARCH_PATHS = "$(inherited) @executable_path/Frameworks";
				PRODUCT_BUNDLE_IDENTIFIER = jp.co.shinwart.SwiftSample;
				PRODUCT_NAME = "$(TARGET_NAME)";
				SWIFT_VERSION = 3.0;
			};
			name = Debug;
		};
		F979A1411ED540F8003E5BE0 /* Release */ = {
			isa = XCBuildConfiguration;
			buildSettings = {
				ASSETCATALOG_COMPILER_APPICON_NAME = AppIcon;
				DEVELOPMENT_TEAM = 38HYQS5SV4;
				INFOPLIST_FILE = SwiftSample/Info.plist;
				LD_RUNPATH_SEARCH_PATHS = "$(inherited) @executable_path/Frameworks";
				PRODUCT_BUNDLE_IDENTIFIER = jp.co.shinwart.SwiftSample;
				PRODUCT_NAME = "$(TARGET_NAME)";
				SWIFT_VERSION = 3.0;
			};
			name = Release;
		};
		F9E8958A1EEE022100769612 /* Debug */ = {
			isa = XCBuildConfiguration;
			buildSettings = {
				BUNDLE_LOADER = "$(TEST_HOST)";
				CLANG_ANALYZER_NUMBER_OBJECT_CONVERSION = YES_AGGRESSIVE;
				DEVELOPMENT_TEAM = 38HYQS5SV4;
				INFOPLIST_FILE = SwiftSampleTests/Info.plist;
				IPHONEOS_DEPLOYMENT_TARGET = 10.3;
				LD_RUNPATH_SEARCH_PATHS = "$(inherited) @executable_path/Frameworks @loader_path/Frameworks";
				PRODUCT_BUNDLE_IDENTIFIER = jp.co.shinwart.SwiftSampleTests;
				PRODUCT_NAME = "$(TARGET_NAME)";
				SWIFT_VERSION = 3.0;
				TEST_HOST = "$(BUILT_PRODUCTS_DIR)/SwiftSample.app/SwiftSample";
			};
			name = Debug;
		};
		F9E8958B1EEE022100769612 /* Release */ = {
			isa = XCBuildConfiguration;
			buildSettings = {
				BUNDLE_LOADER = "$(TEST_HOST)";
				CLANG_ANALYZER_NUMBER_OBJECT_CONVERSION = YES_AGGRESSIVE;
				DEVELOPMENT_TEAM = 38HYQS5SV4;
				INFOPLIST_FILE = SwiftSampleTests/Info.plist;
				IPHONEOS_DEPLOYMENT_TARGET = 10.3;
				LD_RUNPATH_SEARCH_PATHS = "$(inherited) @executable_path/Frameworks @loader_path/Frameworks";
				PRODUCT_BUNDLE_IDENTIFIER = jp.co.shinwart.SwiftSampleTests;
				PRODUCT_NAME = "$(TARGET_NAME)";
				SWIFT_VERSION = 3.0;
				TEST_HOST = "$(BUILT_PRODUCTS_DIR)/SwiftSample.app/SwiftSample";
			};
			name = Release;
		};
/* End XCBuildConfiguration section */

/* Begin XCConfigurationList section */
		F979A1281ED540F6003E5BE0 /* Build configuration list for PBXProject "SwiftSample" */ = {
			isa = XCConfigurationList;
			buildConfigurations = (
				F979A13D1ED540F8003E5BE0 /* Debug */,
				F979A13E1ED540F8003E5BE0 /* Release */,
			);
			defaultConfigurationIsVisible = 0;
			defaultConfigurationName = Release;
		};
		F979A13F1ED540F8003E5BE0 /* Build configuration list for PBXNativeTarget "SwiftSample" */ = {
			isa = XCConfigurationList;
			buildConfigurations = (
				F979A1401ED540F8003E5BE0 /* Debug */,
				F979A1411ED540F8003E5BE0 /* Release */,
			);
			defaultConfigurationIsVisible = 0;
			defaultConfigurationName = Release;
		};
		F9E895891EEE022100769612 /* Build configuration list for PBXNativeTarget "SwiftSampleTests" */ = {
			isa = XCConfigurationList;
			buildConfigurations = (
				F9E8958A1EEE022100769612 /* Debug */,
				F9E8958B1EEE022100769612 /* Release */,
			);
			defaultConfigurationIsVisible = 0;
			defaultConfigurationName = Release;
		};
/* End XCConfigurationList section */
	};
	rootObject = F979A1251ED540F5003E5BE0 /* Project object */;
}
